
Microsoft Visual Studio Solution File, Format Version 12.00
# Visual Studio Version 16
VisualStudioVersion = 16.0.30128.74
MinimumVisualStudioVersion = 10.0.40219.1
Project("{FAE04EC0-301F-11D3-BF4B-00C04F79EFBC}") = "CabInVoice", "CabInVoice\CabInVoice.csproj", "{F148D7C5-0816-4AAF-9333-C449238B48DB}"
EndProject
Project("{FAE04EC0-301F-11D3-BF4B-00C04F79EFBC}") = "CabinVoiceTest", "CabinVoiceTest\CabinVoiceTest.csproj", "{2D6DF184-F1C0-4E3C-8136-0E05C82F91A7}"
EndProject
Global
	GlobalSection(SolutionConfigurationPlatforms) = preSolution
		Debug|Any CPU = Debug|Any CPU
		Release|Any CPU = Release|Any CPU
	EndGlobalSection
	GlobalSection(ProjectConfigurationPlatforms) = postSolution
		{F148D7C5-0816-4AAF-9333-C449238B48DB}.Debug|Any CPU.ActiveCfg = Debug|Any CPU
		{F148D7C5-0816-4AAF-9333-C449238B48DB}.Debug|Any CPU.Build.0 = Debug|Any CPU
		{F148D7C5-0816-4AAF-9333-C449238B48DB}.Release|Any CPU.ActiveCfg = Release|Any CPU
		{F148D7C5-0816-4AAF-9333-C449238B48DB}.Release|Any CPU.Build.0 = Release|Any CPU
		{2D6DF184-F1C0-4E3C-8136-0E05C82F91A7}.Debug|Any CPU.ActiveCfg = Debug|Any CPU
		{2D6DF184-F1C0-4E3C-8136-0E05C82F91A7}.Debug|Any CPU.Build.0 = Debug|Any CPU
		{2D6DF184-F1C0-4E3C-8136-0E05C82F91A7}.Release|Any CPU.ActiveCfg = Release|Any CPU
		{2D6DF184-F1C0-4E3C-8136-0E05C82F91A7}.Release|Any CPU.Build.0 = Release|Any CPU
	EndGlobalSection
	GlobalSection(SolutionProperties) = preSolution
		HideSolutionNode = FALSE
	EndGlobalSection
	GlobalSection(ExtensibilityGlobals) = postSolution
		SolutionGuid = {49A7A854-A2A4-421B-9B49-F0F7E935B526}
	EndGlobalSection
EndGlobal
